
Microsoft Visual Studio Solution File, Format Version 12.00
# Visual Studio Version 16
VisualStudioVersion = 16.0.31025.194
MinimumVisualStudioVersion = 10.0.40219.1
Project("{FAE04EC0-301F-11D3-BF4B-00C04F79EFBC}") = "AspNetCoreMvc50", "AspNetCoreMvc50\AspNetCoreMvc50.csproj", "{82BA2212-ABDF-49D4-A5AD-C4C61D722751}"
EndProject
Project("{FAE04EC0-301F-11D3-BF4B-00C04F79EFBC}") = "AspNetCoreMvc21", "AspNetCoreMvc21\AspNetCoreMvc21.csproj", "{C5AB7335-92B1-4C3B-82A3-1014E22CB550}"
EndProject
Project("{FAE04EC0-301F-11D3-BF4B-00C04F79EFBC}") = "AspNetCoreBlazor50", "AspNetCoreBlazor50\AspNetCoreBlazor50.csproj", "{233981F4-5BB4-4BC3-AC91-B4C83FC5C65D}"
EndProject
Project("{FAE04EC0-301F-11D3-BF4B-00C04F79EFBC}") = "AzureFunctionsV3", "AzureFunctionsV3\AzureFunctionsV3.csproj", "{807EF4BB-D6FA-4FE2-972F-E88DF6E8556C}"
EndProject
Global
	GlobalSection(SolutionConfigurationPlatforms) = preSolution
		Debug|Any CPU = Debug|Any CPU
		Release|Any CPU = Release|Any CPU
	EndGlobalSection
	GlobalSection(ProjectConfigurationPlatforms) = postSolution
		{82BA2212-ABDF-49D4-A5AD-C4C61D722751}.Debug|Any CPU.ActiveCfg = Debug|Any CPU
		{82BA2212-ABDF-49D4-A5AD-C4C61D722751}.Debug|Any CPU.Build.0 = Debug|Any CPU
		{82BA2212-ABDF-49D4-A5AD-C4C61D722751}.Release|Any CPU.ActiveCfg = Release|Any CPU
		{82BA2212-ABDF-49D4-A5AD-C4C61D722751}.Release|Any CPU.Build.0 = Release|Any CPU
		{C5AB7335-92B1-4C3B-82A3-1014E22CB550}.Debug|Any CPU.ActiveCfg = Debug|Any CPU
		{C5AB7335-92B1-4C3B-82A3-1014E22CB550}.Debug|Any CPU.Build.0 = Debug|Any CPU
		{C5AB7335-92B1-4C3B-82A3-1014E22CB550}.Release|Any CPU.ActiveCfg = Release|Any CPU
		{C5AB7335-92B1-4C3B-82A3-1014E22CB550}.Release|Any CPU.Build.0 = Release|Any CPU
		{233981F4-5BB4-4BC3-AC91-B4C83FC5C65D}.Debug|Any CPU.ActiveCfg = Debug|Any CPU
		{233981F4-5BB4-4BC3-AC91-B4C83FC5C65D}.Debug|Any CPU.Build.0 = Debug|Any CPU
		{233981F4-5BB4-4BC3-AC91-B4C83FC5C65D}.Release|Any CPU.ActiveCfg = Release|Any CPU
		{233981F4-5BB4-4BC3-AC91-B4C83FC5C65D}.Release|Any CPU.Build.0 = Release|Any CPU
		{807EF4BB-D6FA-4FE2-972F-E88DF6E8556C}.Debug|Any CPU.ActiveCfg = Debug|Any CPU
		{807EF4BB-D6FA-4FE2-972F-E88DF6E8556C}.Debug|Any CPU.Build.0 = Debug|Any CPU
		{807EF4BB-D6FA-4FE2-972F-E88DF6E8556C}.Release|Any CPU.ActiveCfg = Release|Any CPU
		{807EF4BB-D6FA-4FE2-972F-E88DF6E8556C}.Release|Any CPU.Build.0 = Release|Any CPU
	EndGlobalSection
	GlobalSection(SolutionProperties) = preSolution
		HideSolutionNode = FALSE
	EndGlobalSection
	GlobalSection(ExtensibilityGlobals) = postSolution
		SolutionGuid = {EF256D10-89D2-4DED-9862-AC4E00E88D3D}
	EndGlobalSection
EndGlobal
